{
  "name": "shieldbotlistapi",
  "version": "1.0.0",
  "lockfileVersion": 2,
  "requires": true,
  "packages": {
    "": {
      "name": "shieldbotlistapi",
      "version": "1.0.0",
      "license": "ISC",
      "dependencies": {
        "shieldbotlistapi": "^1.0.0"
      }
    },
    "node_modules/shieldbotlistapi": {
      "version": "1.0.0",
      "resolved": "https://registry.npmjs.org/shieldbotlistapi/-/shieldbotlistapi-1.0.0.tgz",
      "integrity": "sha512-toLHnDF2JjFa8TxYZEx66Fv8SYMnBMg5VysLrSPucPJMo9kqi88ZAkDOJ8SzNTwvAhhs+HVZWDSsooko/dZbSg=="
    }
  },
  "dependencies": {
    "shieldbotlistapi": {
      "version": "1.0.0",
      "resolved": "https://registry.npmjs.org/shieldbotlistapi/-/shieldbotlistapi-1.0.0.tgz",
      "integrity": "sha512-toLHnDF2JjFa8TxYZEx66Fv8SYMnBMg5VysLrSPucPJMo9kqi88ZAkDOJ8SzNTwvAhhs+HVZWDSsooko/dZbSg=="
    }
  }
}
